
Microsoft Visual Studio Solution File, Format Version 12.00
# Visual Studio Version 17
VisualStudioVersion = 17.5.33516.290
MinimumVisualStudioVersion = 10.0.40219.1
Project("{FAE04EC0-301F-11D3-BF4B-00C04F79EFBC}") = "UnitTestingExample", "UnitTestingExample\UnitTestingExample.csproj", "{DE5DA045-77C1-4546-9CAD-070541F410FD}"
EndProject
Project("{FAE04EC0-301F-11D3-BF4B-00C04F79EFBC}") = "UnitTestingExampleTest", "UnitTestingExampleTest\UnitTestingExampleTest.csproj", "{8450267F-D7E4-4867-9563-3CDB9A940123}"
EndProject
Global
	GlobalSection(SolutionConfigurationPlatforms) = preSolution
		Debug|Any CPU = Debug|Any CPU
		Release|Any CPU = Release|Any CPU
	EndGlobalSection
	GlobalSection(ProjectConfigurationPlatforms) = postSolution
		{DE5DA045-77C1-4546-9CAD-070541F410FD}.Debug|Any CPU.ActiveCfg = Debug|Any CPU
		{DE5DA045-77C1-4546-9CAD-070541F410FD}.Debug|Any CPU.Build.0 = Debug|Any CPU
		{DE5DA045-77C1-4546-9CAD-070541F410FD}.Release|Any CPU.ActiveCfg = Release|Any CPU
		{DE5DA045-77C1-4546-9CAD-070541F410FD}.Release|Any CPU.Build.0 = Release|Any CPU
		{8450267F-D7E4-4867-9563-3CDB9A940123}.Debug|Any CPU.ActiveCfg = Debug|Any CPU
		{8450267F-D7E4-4867-9563-3CDB9A940123}.Debug|Any CPU.Build.0 = Debug|Any CPU
		{8450267F-D7E4-4867-9563-3CDB9A940123}.Release|Any CPU.ActiveCfg = Release|Any CPU
		{8450267F-D7E4-4867-9563-3CDB9A940123}.Release|Any CPU.Build.0 = Release|Any CPU
	EndGlobalSection
	GlobalSection(SolutionProperties) = preSolution
		HideSolutionNode = FALSE
	EndGlobalSection
	GlobalSection(ExtensibilityGlobals) = postSolution
		SolutionGuid = {0EC6A9D3-E801-4A22-8A70-4FFA8CCB28FC}
	EndGlobalSection
EndGlobal
